// !$*UTF8*$!
{
	archiveVersion = 1;
	classes = {
	};
	objectVersion = 50;
	objects = {

/* Begin PBXBuildFile section */
		4407527323D4AAA00025D8AA /* TaskSpecificationsVC.swift in Sources */ = {isa = PBXBuildFile; fileRef = 4407527223D4AAA00025D8AA /* TaskSpecificationsVC.swift */; };
		441FB4B323D8A39800D8B115 /* UserProfileStatisticsCell.swift in Sources */ = {isa = PBXBuildFile; fileRef = 441FB4B223D8A39800D8B115 /* UserProfileStatisticsCell.swift */; };
		441FB4B523D8AA6200D8B115 /* UserSelfDescriptionCell.swift in Sources */ = {isa = PBXBuildFile; fileRef = 441FB4B423D8AA6200D8B115 /* UserSelfDescriptionCell.swift */; };
		44203CA423DB278A00F6D71A /* ViewTaskCollectionViewCell.swift in Sources */ = {isa = PBXBuildFile; fileRef = 44203CA323DB278A00F6D71A /* ViewTaskCollectionViewCell.swift */; };
		44203CA623DB290B00F6D71A /* ViewTasksHeaderCell.swift in Sources */ = {isa = PBXBuildFile; fileRef = 44203CA523DB290B00F6D71A /* ViewTasksHeaderCell.swift */; };
		442698A523D610870095A495 /* PostCompleteVC.swift in Sources */ = {isa = PBXBuildFile; fileRef = 442698A423D610870095A495 /* PostCompleteVC.swift */; };
		442698A723D610D90095A495 /* Task.swift in Sources */ = {isa = PBXBuildFile; fileRef = 442698A623D610D90095A495 /* Task.swift */; };
		442871A623F05317000B1AC4 /* BecomeAJugglerVC.swift in Sources */ = {isa = PBXBuildFile; fileRef = 442871A523F05317000B1AC4 /* BecomeAJugglerVC.swift */; };
		44294A9123F3503F002F5732 /* JugglerApplicationCompleteVC.swift in Sources */ = {isa = PBXBuildFile; fileRef = 44294A9023F3503F002F5732 /* JugglerApplicationCompleteVC.swift */; };
		4435835923FC5848006601DA /* OnGoingTaskOfferCell.swift in Sources */ = {isa = PBXBuildFile; fileRef = 4435835823FC5848006601DA /* OnGoingTaskOfferCell.swift */; };
		4438EBA923E71F6D000CF489 /* DashboardHeaderCell.swift in Sources */ = {isa = PBXBuildFile; fileRef = 4438EBA823E71F6D000CF489 /* DashboardHeaderCell.swift */; };
		443C4FB323F9D1B20070309E /* OfferCompleteVC.swift in Sources */ = {isa = PBXBuildFile; fileRef = 443C4FB223F9D1B20070309E /* OfferCompleteVC.swift */; };
		443C4FB523F9DD050070309E /* Offer.swift in Sources */ = {isa = PBXBuildFile; fileRef = 443C4FB423F9DD050070309E /* Offer.swift */; };
		4446E0E023D341B1007933AF /* AppDelegate.swift in Sources */ = {isa = PBXBuildFile; fileRef = 4446E0DF23D341B1007933AF /* AppDelegate.swift */; };
		4446E0E223D341B1007933AF /* SceneDelegate.swift in Sources */ = {isa = PBXBuildFile; fileRef = 4446E0E123D341B1007933AF /* SceneDelegate.swift */; };
		4446E0E623D341B2007933AF /* Assets.xcassets in Resources */ = {isa = PBXBuildFile; fileRef = 4446E0E523D341B2007933AF /* Assets.xcassets */; };
		4446E0E923D341B2007933AF /* Preview Assets.xcassets in Resources */ = {isa = PBXBuildFile; fileRef = 4446E0E823D341B2007933AF /* Preview Assets.xcassets */; };
		4446E0EC23D341B2007933AF /* LaunchScreen.storyboard in Resources */ = {isa = PBXBuildFile; fileRef = 4446E0EA23D341B2007933AF /* LaunchScreen.storyboard */; };
		4446E0F423D3426F007933AF /* MainTabBarController.swift in Sources */ = {isa = PBXBuildFile; fileRef = 4446E0F323D3426F007933AF /* MainTabBarController.swift */; };
		4446E0F823D34FFC007933AF /* ViewTasksVC.swift in Sources */ = {isa = PBXBuildFile; fileRef = 4446E0F723D34FFC007933AF /* ViewTasksVC.swift */; };
		4446E0FB23D3533F007933AF /* NotificationsVC.swift in Sources */ = {isa = PBXBuildFile; fileRef = 4446E0FA23D3533F007933AF /* NotificationsVC.swift */; };
		4446E0FE23D35678007933AF /* TaskCategoryPickerVC.swift in Sources */ = {isa = PBXBuildFile; fileRef = 4446E0FD23D35678007933AF /* TaskCategoryPickerVC.swift */; };
		4446E10123D358E5007933AF /* DashboardVC.swift in Sources */ = {isa = PBXBuildFile; fileRef = 4446E10023D358E5007933AF /* DashboardVC.swift */; };
		4446E10423D3620D007933AF /* ProfileVC.swift in Sources */ = {isa = PBXBuildFile; fileRef = 4446E10323D3620D007933AF /* ProfileVC.swift */; };
		4446E10723D36898007933AF /* GoogleService-Info.plist in Resources */ = {isa = PBXBuildFile; fileRef = 4446E10623D36898007933AF /* GoogleService-Info.plist */; };
		444AA33123EB4DA100872EB9 /* Message.swift in Sources */ = {isa = PBXBuildFile; fileRef = 444AA33023EB4DA100872EB9 /* Message.swift */; };
		445D530223FAFBAC002C1939 /* AcceptTaskVC.swift in Sources */ = {isa = PBXBuildFile; fileRef = 445D530123FAFBAC002C1939 /* AcceptTaskVC.swift */; };
		4468CA0E23D751F400B9C8F8 /* UserProfileHeaderCell.swift in Sources */ = {isa = PBXBuildFile; fileRef = 4468CA0D23D751F400B9C8F8 /* UserProfileHeaderCell.swift */; };
		4468CA1023D759D700B9C8F8 /* CustomImageView.swift in Sources */ = {isa = PBXBuildFile; fileRef = 4468CA0F23D759D700B9C8F8 /* CustomImageView.swift */; };
		447A9ED023FD3EF00047AEE1 /* OnGoingTaskChatMessageCell.swift in Sources */ = {isa = PBXBuildFile; fileRef = 447A9ECF23FD3EF00047AEE1 /* OnGoingTaskChatMessageCell.swift */; };
		447C128823EF24DA00947FE8 /* TaskOfferVC.swift in Sources */ = {isa = PBXBuildFile; fileRef = 447C128723EF24DA00947FE8 /* TaskOfferVC.swift */; };
		447FA36023E1FF150020247E /* TaskDetailsVC.swift in Sources */ = {isa = PBXBuildFile; fileRef = 447FA35F23E1FF150020247E /* TaskDetailsVC.swift */; };
		4483FCF823DF28E000178E84 /* TaskInteractionVC.swift in Sources */ = {isa = PBXBuildFile; fileRef = 4483FCF723DF28E000178E84 /* TaskInteractionVC.swift */; };
		4483FCFA23DF2E9C00178E84 /* TaskInteractionDetailsView.swift in Sources */ = {isa = PBXBuildFile; fileRef = 4483FCF923DF2E9C00178E84 /* TaskInteractionDetailsView.swift */; };
		4483FCFD23DF320A00178E84 /* ChatMessageCell.swift in Sources */ = {isa = PBXBuildFile; fileRef = 4483FCFC23DF320A00178E84 /* ChatMessageCell.swift */; };
		44972CCB23E9E34900798745 /* OnGoingTaskCell.swift in Sources */ = {isa = PBXBuildFile; fileRef = 44972CCA23E9E34900798745 /* OnGoingTaskCell.swift */; };
		44972CCD23E9E38900798745 /* AssignedTaskCell.swift in Sources */ = {isa = PBXBuildFile; fileRef = 44972CCC23E9E38900798745 /* AssignedTaskCell.swift */; };
		44972CD123E9E8EF00798745 /* SavedTaskCell.swift in Sources */ = {isa = PBXBuildFile; fileRef = 44972CD023E9E8EF00798745 /* SavedTaskCell.swift */; };
		44BECA8C23F15F8500014A59 /* JugglerApplicationStepsVC.swift in Sources */ = {isa = PBXBuildFile; fileRef = 44BECA8B23F15F8500014A59 /* JugglerApplicationStepsVC.swift */; };
		44BECA8E23F1608700014A59 /* JugglerSignupRequirementsVC.swift in Sources */ = {isa = PBXBuildFile; fileRef = 44BECA8D23F1608700014A59 /* JugglerSignupRequirementsVC.swift */; };
		44D0CED923FA6C74001C9DB5 /* OnGoingTaskInteractionsVC.swift in Sources */ = {isa = PBXBuildFile; fileRef = 44D0CED823FA6C74001C9DB5 /* OnGoingTaskInteractionsVC.swift */; };
		44D0CEDC23FA6D35001C9DB5 /* OnGoingTaskInteractionsHeaderCell.swift in Sources */ = {isa = PBXBuildFile; fileRef = 44D0CEDB23FA6D35001C9DB5 /* OnGoingTaskInteractionsHeaderCell.swift */; };
		44E53D4723F8333700102397 /* EditTaskVC.swift in Sources */ = {isa = PBXBuildFile; fileRef = 44E53D4623F8333700102397 /* EditTaskVC.swift */; };
		44FB732123D36BEC000B8987 /* LoginVC.swift in Sources */ = {isa = PBXBuildFile; fileRef = 44FB732023D36BEC000B8987 /* LoginVC.swift */; };
		44FB732423D36C13000B8987 /* Extensions.swift in Sources */ = {isa = PBXBuildFile; fileRef = 44FB732323D36C13000B8987 /* Extensions.swift */; };
		44FB732623D36CAA000B8987 /* Constants.swift in Sources */ = {isa = PBXBuildFile; fileRef = 44FB732523D36CAA000B8987 /* Constants.swift */; };
		44FB732923D36D96000B8987 /* User.swift in Sources */ = {isa = PBXBuildFile; fileRef = 44FB732823D36D96000B8987 /* User.swift */; };
		44FB732B23D37427000B8987 /* SignupVC.swift in Sources */ = {isa = PBXBuildFile; fileRef = 44FB732A23D37427000B8987 /* SignupVC.swift */; };
		44FB732D23D37460000B8987 /* TermsAndConditionsVC.swift in Sources */ = {isa = PBXBuildFile; fileRef = 44FB732C23D37460000B8987 /* TermsAndConditionsVC.swift */; };
		44FB732F23D3748A000B8987 /* terms-and-conditions.txt in Resources */ = {isa = PBXBuildFile; fileRef = 44FB732E23D3748A000B8987 /* terms-and-conditions.txt */; };
		DA76599AA6DF5A664B5429C4 /* Pods_JuggleTechnologies.framework in Frameworks */ = {isa = PBXBuildFile; fileRef = 04890BF0E14186AEA33503B3 /* Pods_JuggleTechnologies.framework */; };
/* End PBXBuildFile section */

/* Begin PBXFileReference section */
		04890BF0E14186AEA33503B3 /* Pods_JuggleTechnologies.framework */ = {isa = PBXFileReference; explicitFileType = wrapper.framework; includeInIndex = 0; path = Pods_JuggleTechnologies.framework; sourceTree = BUILT_PRODUCTS_DIR; };
		2496946D5B215D5F762AE27C /* Pods-JuggleTechnologies.release.xcconfig */ = {isa = PBXFileReference; includeInIndex = 1; lastKnownFileType = text.xcconfig; name = "Pods-JuggleTechnologies.release.xcconfig"; path = "Target Support Files/Pods-JuggleTechnologies/Pods-JuggleTechnologies.release.xcconfig"; sourceTree = "<group>"; };
		4407527223D4AAA00025D8AA /* TaskSpecificationsVC.swift */ = {isa = PBXFileReference; lastKnownFileType = sourcecode.swift; path = TaskSpecificationsVC.swift; sourceTree = "<group>"; };
		441FB4B223D8A39800D8B115 /* UserProfileStatisticsCell.swift */ = {isa = PBXFileReference; lastKnownFileType = sourcecode.swift; path = UserProfileStatisticsCell.swift; sourceTree = "<group>"; };
		441FB4B423D8AA6200D8B115 /* UserSelfDescriptionCell.swift */ = {isa = PBXFileReference; lastKnownFileType = sourcecode.swift; path = UserSelfDescriptionCell.swift; sourceTree = "<group>"; };
		44203CA323DB278A00F6D71A /* ViewTaskCollectionViewCell.swift */ = {isa = PBXFileReference; lastKnownFileType = sourcecode.swift; path = ViewTaskCollectionViewCell.swift; sourceTree = "<group>"; };
		44203CA523DB290B00F6D71A /* ViewTasksHeaderCell.swift */ = {isa = PBXFileReference; lastKnownFileType = sourcecode.swift; path = ViewTasksHeaderCell.swift; sourceTree = "<group>"; };
		442698A423D610870095A495 /* PostCompleteVC.swift */ = {isa = PBXFileReference; lastKnownFileType = sourcecode.swift; path = PostCompleteVC.swift; sourceTree = "<group>"; };
		442698A623D610D90095A495 /* Task.swift */ = {isa = PBXFileReference; lastKnownFileType = sourcecode.swift; path = Task.swift; sourceTree = "<group>"; };
		442871A523F05317000B1AC4 /* BecomeAJugglerVC.swift */ = {isa = PBXFileReference; lastKnownFileType = sourcecode.swift; path = BecomeAJugglerVC.swift; sourceTree = "<group>"; };
		44294A9023F3503F002F5732 /* JugglerApplicationCompleteVC.swift */ = {isa = PBXFileReference; lastKnownFileType = sourcecode.swift; path = JugglerApplicationCompleteVC.swift; sourceTree = "<group>"; };
		4435835823FC5848006601DA /* OnGoingTaskOfferCell.swift */ = {isa = PBXFileReference; lastKnownFileType = sourcecode.swift; path = OnGoingTaskOfferCell.swift; sourceTree = "<group>"; };
		4438EBA823E71F6D000CF489 /* DashboardHeaderCell.swift */ = {isa = PBXFileReference; lastKnownFileType = sourcecode.swift; path = DashboardHeaderCell.swift; sourceTree = "<group>"; };
		443C4FB223F9D1B20070309E /* OfferCompleteVC.swift */ = {isa = PBXFileReference; lastKnownFileType = sourcecode.swift; path = OfferCompleteVC.swift; sourceTree = "<group>"; };
		443C4FB423F9DD050070309E /* Offer.swift */ = {isa = PBXFileReference; lastKnownFileType = sourcecode.swift; path = Offer.swift; sourceTree = "<group>"; };
		4446E0DC23D341B1007933AF /* JuggleTechnologies.app */ = {isa = PBXFileReference; explicitFileType = wrapper.application; includeInIndex = 0; path = JuggleTechnologies.app; sourceTree = BUILT_PRODUCTS_DIR; };
		4446E0DF23D341B1007933AF /* AppDelegate.swift */ = {isa = PBXFileReference; lastKnownFileType = sourcecode.swift; path = AppDelegate.swift; sourceTree = "<group>"; };
		4446E0E123D341B1007933AF /* SceneDelegate.swift */ = {isa = PBXFileReference; lastKnownFileType = sourcecode.swift; path = SceneDelegate.swift; sourceTree = "<group>"; };
		4446E0E523D341B2007933AF /* Assets.xcassets */ = {isa = PBXFileReference; lastKnownFileType = folder.assetcatalog; path = Assets.xcassets; sourceTree = "<group>"; };
		4446E0E823D341B2007933AF /* Preview Assets.xcassets */ = {isa = PBXFileReference; lastKnownFileType = folder.assetcatalog; path = "Preview Assets.xcassets"; sourceTree = "<group>"; };
		4446E0EB23D341B2007933AF /* Base */ = {isa = PBXFileReference; lastKnownFileType = file.storyboard; name = Base; path = Base.lproj/LaunchScreen.storyboard; sourceTree = "<group>"; };
		4446E0ED23D341B2007933AF /* Info.plist */ = {isa = PBXFileReference; lastKnownFileType = text.plist.xml; path = Info.plist; sourceTree = "<group>"; };
		4446E0F323D3426F007933AF /* MainTabBarController.swift */ = {isa = PBXFileReference; lastKnownFileType = sourcecode.swift; path = MainTabBarController.swift; sourceTree = "<group>"; };
		4446E0F723D34FFC007933AF /* ViewTasksVC.swift */ = {isa = PBXFileReference; lastKnownFileType = sourcecode.swift; path = ViewTasksVC.swift; sourceTree = "<group>"; };
		4446E0FA23D3533F007933AF /* NotificationsVC.swift */ = {isa = PBXFileReference; lastKnownFileType = sourcecode.swift; path = NotificationsVC.swift; sourceTree = "<group>"; };
		4446E0FD23D35678007933AF /* TaskCategoryPickerVC.swift */ = {isa = PBXFileReference; lastKnownFileType = sourcecode.swift; path = TaskCategoryPickerVC.swift; sourceTree = "<group>"; };
		4446E10023D358E5007933AF /* DashboardVC.swift */ = {isa = PBXFileReference; lastKnownFileType = sourcecode.swift; path = DashboardVC.swift; sourceTree = "<group>"; };
		4446E10323D3620D007933AF /* ProfileVC.swift */ = {isa = PBXFileReference; lastKnownFileType = sourcecode.swift; path = ProfileVC.swift; sourceTree = "<group>"; };
		4446E10623D36898007933AF /* GoogleService-Info.plist */ = {isa = PBXFileReference; fileEncoding = 4; lastKnownFileType = text.plist.xml; path = "GoogleService-Info.plist"; sourceTree = "<group>"; };
		444AA33023EB4DA100872EB9 /* Message.swift */ = {isa = PBXFileReference; lastKnownFileType = sourcecode.swift; path = Message.swift; sourceTree = "<group>"; };
		445D530123FAFBAC002C1939 /* AcceptTaskVC.swift */ = {isa = PBXFileReference; lastKnownFileType = sourcecode.swift; path = AcceptTaskVC.swift; sourceTree = "<group>"; };
		4468CA0D23D751F400B9C8F8 /* UserProfileHeaderCell.swift */ = {isa = PBXFileReference; lastKnownFileType = sourcecode.swift; path = UserProfileHeaderCell.swift; sourceTree = "<group>"; };
		4468CA0F23D759D700B9C8F8 /* CustomImageView.swift */ = {isa = PBXFileReference; lastKnownFileType = sourcecode.swift; path = CustomImageView.swift; sourceTree = "<group>"; };
		447A9ECF23FD3EF00047AEE1 /* OnGoingTaskChatMessageCell.swift */ = {isa = PBXFileReference; lastKnownFileType = sourcecode.swift; path = OnGoingTaskChatMessageCell.swift; sourceTree = "<group>"; };
		447C128723EF24DA00947FE8 /* TaskOfferVC.swift */ = {isa = PBXFileReference; lastKnownFileType = sourcecode.swift; path = TaskOfferVC.swift; sourceTree = "<group>"; };
		447FA35F23E1FF150020247E /* TaskDetailsVC.swift */ = {isa = PBXFileReference; lastKnownFileType = sourcecode.swift; path = TaskDetailsVC.swift; sourceTree = "<group>"; };
		4483FCF723DF28E000178E84 /* TaskInteractionVC.swift */ = {isa = PBXFileReference; lastKnownFileType = sourcecode.swift; path = TaskInteractionVC.swift; sourceTree = "<group>"; };
		4483FCF923DF2E9C00178E84 /* TaskInteractionDetailsView.swift */ = {isa = PBXFileReference; lastKnownFileType = sourcecode.swift; path = TaskInteractionDetailsView.swift; sourceTree = "<group>"; };
		4483FCFC23DF320A00178E84 /* ChatMessageCell.swift */ = {isa = PBXFileReference; lastKnownFileType = sourcecode.swift; path = ChatMessageCell.swift; sourceTree = "<group>"; };
		44972CCA23E9E34900798745 /* OnGoingTaskCell.swift */ = {isa = PBXFileReference; lastKnownFileType = sourcecode.swift; path = OnGoingTaskCell.swift; sourceTree = "<group>"; };
		44972CCC23E9E38900798745 /* AssignedTaskCell.swift */ = {isa = PBXFileReference; lastKnownFileType = sourcecode.swift; path = AssignedTaskCell.swift; sourceTree = "<group>"; };
		44972CD023E9E8EF00798745 /* SavedTaskCell.swift */ = {isa = PBXFileReference; lastKnownFileType = sourcecode.swift; path = SavedTaskCell.swift; sourceTree = "<group>"; };
		44BECA8B23F15F8500014A59 /* JugglerApplicationStepsVC.swift */ = {isa = PBXFileReference; lastKnownFileType = sourcecode.swift; path = JugglerApplicationStepsVC.swift; sourceTree = "<group>"; };
		44BECA8D23F1608700014A59 /* JugglerSignupRequirementsVC.swift */ = {isa = PBXFileReference; lastKnownFileType = sourcecode.swift; path = JugglerSignupRequirementsVC.swift; sourceTree = "<group>"; };
		44D0CED823FA6C74001C9DB5 /* OnGoingTaskInteractionsVC.swift */ = {isa = PBXFileReference; lastKnownFileType = sourcecode.swift; path = OnGoingTaskInteractionsVC.swift; sourceTree = "<group>"; };
		44D0CEDB23FA6D35001C9DB5 /* OnGoingTaskInteractionsHeaderCell.swift */ = {isa = PBXFileReference; lastKnownFileType = sourcecode.swift; path = OnGoingTaskInteractionsHeaderCell.swift; sourceTree = "<group>"; };
		44E53D4623F8333700102397 /* EditTaskVC.swift */ = {isa = PBXFileReference; lastKnownFileType = sourcecode.swift; path = EditTaskVC.swift; sourceTree = "<group>"; };
		44FB732023D36BEC000B8987 /* LoginVC.swift */ = {isa = PBXFileReference; lastKnownFileType = sourcecode.swift; path = LoginVC.swift; sourceTree = "<group>"; };
		44FB732323D36C13000B8987 /* Extensions.swift */ = {isa = PBXFileReference; lastKnownFileType = sourcecode.swift; path = Extensions.swift; sourceTree = "<group>"; };
		44FB732523D36CAA000B8987 /* Constants.swift */ = {isa = PBXFileReference; lastKnownFileType = sourcecode.swift; path = Constants.swift; sourceTree = "<group>"; };
		44FB732823D36D96000B8987 /* User.swift */ = {isa = PBXFileReference; lastKnownFileType = sourcecode.swift; path = User.swift; sourceTree = "<group>"; };
		44FB732A23D37427000B8987 /* SignupVC.swift */ = {isa = PBXFileReference; lastKnownFileType = sourcecode.swift; path = SignupVC.swift; sourceTree = "<group>"; };
		44FB732C23D37460000B8987 /* TermsAndConditionsVC.swift */ = {isa = PBXFileReference; lastKnownFileType = sourcecode.swift; path = TermsAndConditionsVC.swift; sourceTree = "<group>"; };
		44FB732E23D3748A000B8987 /* terms-and-conditions.txt */ = {isa = PBXFileReference; fileEncoding = 4; lastKnownFileType = text; path = "terms-and-conditions.txt"; sourceTree = "<group>"; };
		58442DE2FB88AD1C75D8ACD4 /* Pods-JuggleTechnologies.debug.xcconfig */ = {isa = PBXFileReference; includeInIndex = 1; lastKnownFileType = text.xcconfig; name = "Pods-JuggleTechnologies.debug.xcconfig"; path = "Target Support Files/Pods-JuggleTechnologies/Pods-JuggleTechnologies.debug.xcconfig"; sourceTree = "<group>"; };
/* End PBXFileReference section */

/* Begin PBXFrameworksBuildPhase section */
		4446E0D923D341B1007933AF /* Frameworks */ = {
			isa = PBXFrameworksBuildPhase;
			buildActionMask = 2147483647;
			files = (
				DA76599AA6DF5A664B5429C4 /* Pods_JuggleTechnologies.framework in Frameworks */,
			);
			runOnlyForDeploymentPostprocessing = 0;
		};
/* End PBXFrameworksBuildPhase section */

/* Begin PBXGroup section */
		15395912B97ACF7DC58C2E70 /* Frameworks */ = {
			isa = PBXGroup;
			children = (
				04890BF0E14186AEA33503B3 /* Pods_JuggleTechnologies.framework */,
			);
			name = Frameworks;
			sourceTree = "<group>";
		};
		442871A423F05304000B1AC4 /* Juggler */ = {
			isa = PBXGroup;
			children = (
				44BECA8B23F15F8500014A59 /* JugglerApplicationStepsVC.swift */,
				44BECA8D23F1608700014A59 /* JugglerSignupRequirementsVC.swift */,
				442871A523F05317000B1AC4 /* BecomeAJugglerVC.swift */,
				44294A9023F3503F002F5732 /* JugglerApplicationCompleteVC.swift */,
			);
			path = Juggler;
			sourceTree = "<group>";
		};
		4438EBAA23E888EA000CF489 /* DashboardCollectionViewCells */ = {
			isa = PBXGroup;
			children = (
				4438EBA823E71F6D000CF489 /* DashboardHeaderCell.swift */,
				44972CCA23E9E34900798745 /* OnGoingTaskCell.swift */,
				44972CCC23E9E38900798745 /* AssignedTaskCell.swift */,
				44972CD023E9E8EF00798745 /* SavedTaskCell.swift */,
			);
			path = DashboardCollectionViewCells;
			sourceTree = "<group>";
		};
		4446E0D323D341B1007933AF = {
			isa = PBXGroup;
			children = (
				4446E0DE23D341B1007933AF /* JuggleTechnologies */,
				4446E0DD23D341B1007933AF /* Products */,
				F39666D87C158762EC46E878 /* Pods */,
				15395912B97ACF7DC58C2E70 /* Frameworks */,
			);
			sourceTree = "<group>";
		};
		4446E0DD23D341B1007933AF /* Products */ = {
			isa = PBXGroup;
			children = (
				4446E0DC23D341B1007933AF /* JuggleTechnologies.app */,
			);
			name = Products;
			sourceTree = "<group>";
		};
		4446E0DE23D341B1007933AF /* JuggleTechnologies */ = {
			isa = PBXGroup;
			children = (
				4446E0DF23D341B1007933AF /* AppDelegate.swift */,
				4446E0E123D341B1007933AF /* SceneDelegate.swift */,
				4446E0F323D3426F007933AF /* MainTabBarController.swift */,
				44FB732223D36C06000B8987 /* Utilities */,
				44FB732723D36D7E000B8987 /* Models */,
				44FB731F23D36BB2000B8987 /* Login-Signup */,
				4446E0F623D34FD5007933AF /* ViewTasks */,
				4446E0F923D35325007933AF /* Notifications */,
				4446E0FC23D3546A007933AF /* PostATask */,
				4446E0FF23D358CA007933AF /* Dashboard */,
				4446E10223D361C4007933AF /* Profile */,
				4446E0F523D34366007933AF /* Views */,
				4446E0ED23D341B2007933AF /* Info.plist */,
				4446E10523D36882007933AF /* SupportingFiles */,
				4446E0E723D341B2007933AF /* Preview Content */,
			);
			path = JuggleTechnologies;
			sourceTree = "<group>";
		};
		4446E0E723D341B2007933AF /* Preview Content */ = {
			isa = PBXGroup;
			children = (
				4446E0E823D341B2007933AF /* Preview Assets.xcassets */,
			);
			path = "Preview Content";
			sourceTree = "<group>";
		};
		4446E0F523D34366007933AF /* Views */ = {
			isa = PBXGroup;
			children = (
				4446E0E523D341B2007933AF /* Assets.xcassets */,
				4446E0EA23D341B2007933AF /* LaunchScreen.storyboard */,
			);
			path = Views;
			sourceTree = "<group>";
		};
		4446E0F623D34FD5007933AF /* ViewTasks */ = {
			isa = PBXGroup;
			children = (
				4446E0F723D34FFC007933AF /* ViewTasksVC.swift */,
				44203CA523DB290B00F6D71A /* ViewTasksHeaderCell.swift */,
				44203CA323DB278A00F6D71A /* ViewTaskCollectionViewCell.swift */,
				4483FCFB23DF2F5600178E84 /* TaskInteraction */,
			);
			path = ViewTasks;
			sourceTree = "<group>";
		};
		4446E0F923D35325007933AF /* Notifications */ = {
			isa = PBXGroup;
			children = (
				4446E0FA23D3533F007933AF /* NotificationsVC.swift */,
			);
			path = Notifications;
			sourceTree = "<group>";
		};
		4446E0FC23D3546A007933AF /* PostATask */ = {
			isa = PBXGroup;
			children = (
				4446E0FD23D35678007933AF /* TaskCategoryPickerVC.swift */,
				4407527223D4AAA00025D8AA /* TaskSpecificationsVC.swift */,
				442698A423D610870095A495 /* PostCompleteVC.swift */,
			);
			path = PostATask;
			sourceTree = "<group>";
		};
		4446E0FF23D358CA007933AF /* Dashboard */ = {
			isa = PBXGroup;
			children = (
				4446E10023D358E5007933AF /* DashboardVC.swift */,
				4438EBAA23E888EA000CF489 /* DashboardCollectionViewCells */,
				44D0CEDA23FA6CE3001C9DB5 /* OnGoingTaskInteractions */,
			);
			path = Dashboard;
			sourceTree = "<group>";
		};
		4446E10223D361C4007933AF /* Profile */ = {
			isa = PBXGroup;
			children = (
				4446E10323D3620D007933AF /* ProfileVC.swift */,
				4468CA0D23D751F400B9C8F8 /* UserProfileHeaderCell.swift */,
				441FB4B223D8A39800D8B115 /* UserProfileStatisticsCell.swift */,
				441FB4B423D8AA6200D8B115 /* UserSelfDescriptionCell.swift */,
				442871A423F05304000B1AC4 /* Juggler */,
			);
			path = Profile;
			sourceTree = "<group>";
		};
		4446E10523D36882007933AF /* SupportingFiles */ = {
			isa = PBXGroup;
			children = (
				4446E10623D36898007933AF /* GoogleService-Info.plist */,
			);
			path = SupportingFiles;
			sourceTree = "<group>";
		};
		447FA35E23E1FEFA0020247E /* TaskInteractions */ = {
			isa = PBXGroup;
			children = (
				447FA35F23E1FF150020247E /* TaskDetailsVC.swift */,
				44E53D4623F8333700102397 /* EditTaskVC.swift */,
				447C128723EF24DA00947FE8 /* TaskOfferVC.swift */,
				445D530123FAFBAC002C1939 /* AcceptTaskVC.swift */,
				443C4FB223F9D1B20070309E /* OfferCompleteVC.swift */,
			);
			path = TaskInteractions;
			sourceTree = "<group>";
		};
		4483FCFB23DF2F5600178E84 /* TaskInteraction */ = {
			isa = PBXGroup;
			children = (
				4483FCF723DF28E000178E84 /* TaskInteractionVC.swift */,
				4483FCF923DF2E9C00178E84 /* TaskInteractionDetailsView.swift */,
				4483FCFC23DF320A00178E84 /* ChatMessageCell.swift */,
				447FA35E23E1FEFA0020247E /* TaskInteractions */,
			);
			path = TaskInteraction;
			sourceTree = "<group>";
		};
		44D0CEDA23FA6CE3001C9DB5 /* OnGoingTaskInteractions */ = {
			isa = PBXGroup;
			children = (
				44D0CED823FA6C74001C9DB5 /* OnGoingTaskInteractionsVC.swift */,
				44D0CEDB23FA6D35001C9DB5 /* OnGoingTaskInteractionsHeaderCell.swift */,
				4435835823FC5848006601DA /* OnGoingTaskOfferCell.swift */,
				447A9ECF23FD3EF00047AEE1 /* OnGoingTaskChatMessageCell.swift */,
			);
			path = OnGoingTaskInteractions;
			sourceTree = "<group>";
		};
		44FB731F23D36BB2000B8987 /* Login-Signup */ = {
			isa = PBXGroup;
			children = (
				44FB732023D36BEC000B8987 /* LoginVC.swift */,
				44FB732A23D37427000B8987 /* SignupVC.swift */,
				44FB732C23D37460000B8987 /* TermsAndConditionsVC.swift */,
			);
			path = "Login-Signup";
			sourceTree = "<group>";
		};
		44FB732223D36C06000B8987 /* Utilities */ = {
			isa = PBXGroup;
			children = (
				44FB732323D36C13000B8987 /* Extensions.swift */,
				44FB732523D36CAA000B8987 /* Constants.swift */,
				4468CA0F23D759D700B9C8F8 /* CustomImageView.swift */,
				44FB732E23D3748A000B8987 /* terms-and-conditions.txt */,
			);
			path = Utilities;
			sourceTree = "<group>";
		};
		44FB732723D36D7E000B8987 /* Models */ = {
			isa = PBXGroup;
			children = (
				44FB732823D36D96000B8987 /* User.swift */,
				442698A623D610D90095A495 /* Task.swift */,
				444AA33023EB4DA100872EB9 /* Message.swift */,
				443C4FB423F9DD050070309E /* Offer.swift */,
			);
			path = Models;
			sourceTree = "<group>";
		};
		F39666D87C158762EC46E878 /* Pods */ = {
			isa = PBXGroup;
			children = (
				58442DE2FB88AD1C75D8ACD4 /* Pods-JuggleTechnologies.debug.xcconfig */,
				2496946D5B215D5F762AE27C /* Pods-JuggleTechnologies.release.xcconfig */,
			);
			path = Pods;
			sourceTree = "<group>";
		};
/* End PBXGroup section */

/* Begin PBXNativeTarget section */
		4446E0DB23D341B1007933AF /* JuggleTechnologies */ = {
			isa = PBXNativeTarget;
			buildConfigurationList = 4446E0F023D341B2007933AF /* Build configuration list for PBXNativeTarget "JuggleTechnologies" */;
			buildPhases = (
				2F6BECFAC24593C2AD0A33A7 /* [CP] Check Pods Manifest.lock */,
				4446E0D823D341B1007933AF /* Sources */,
				4446E0D923D341B1007933AF /* Frameworks */,
				4446E0DA23D341B1007933AF /* Resources */,
				84B676FDD246DBA47FF262B0 /* [CP] Embed Pods Frameworks */,
			);
			buildRules = (
			);
			dependencies = (
			);
			name = JuggleTechnologies;
			productName = JuggleTechnologies;
			productReference = 4446E0DC23D341B1007933AF /* JuggleTechnologies.app */;
			productType = "com.apple.product-type.application";
		};
/* End PBXNativeTarget section */

/* Begin PBXProject section */
		4446E0D423D341B1007933AF /* Project object */ = {
			isa = PBXProject;
			attributes = {
				LastSwiftUpdateCheck = 1130;
				LastUpgradeCheck = 1130;
				ORGANIZATIONNAME = "Nathaniel Remy";
				TargetAttributes = {
					4446E0DB23D341B1007933AF = {
						CreatedOnToolsVersion = 11.3;
					};
				};
			};
			buildConfigurationList = 4446E0D723D341B1007933AF /* Build configuration list for PBXProject "JuggleTechnologies" */;
			compatibilityVersion = "Xcode 9.3";
			developmentRegion = en;
			hasScannedForEncodings = 0;
			knownRegions = (
				en,
				Base,
			);
			mainGroup = 4446E0D323D341B1007933AF;
			productRefGroup = 4446E0DD23D341B1007933AF /* Products */;
			projectDirPath = "";
			projectRoot = "";
			targets = (
				4446E0DB23D341B1007933AF /* JuggleTechnologies */,
			);
		};
/* End PBXProject section */

/* Begin PBXResourcesBuildPhase section */
		4446E0DA23D341B1007933AF /* Resources */ = {
			isa = PBXResourcesBuildPhase;
			buildActionMask = 2147483647;
			files = (
				4446E0EC23D341B2007933AF /* LaunchScreen.storyboard in Resources */,
				4446E10723D36898007933AF /* GoogleService-Info.plist in Resources */,
				4446E0E923D341B2007933AF /* Preview Assets.xcassets in Resources */,
				4446E0E623D341B2007933AF /* Assets.xcassets in Resources */,
				44FB732F23D3748A000B8987 /* terms-and-conditions.txt in Resources */,
			);
			runOnlyForDeploymentPostprocessing = 0;
		};
/* End PBXResourcesBuildPhase section */

/* Begin PBXShellScriptBuildPhase section */
		2F6BECFAC24593C2AD0A33A7 /* [CP] Check Pods Manifest.lock */ = {
			isa = PBXShellScriptBuildPhase;
			buildActionMask = 2147483647;
			files = (
			);
			inputFileListPaths = (
			);
			inputPaths = (
				"${PODS_PODFILE_DIR_PATH}/Podfile.lock",
				"${PODS_ROOT}/Manifest.lock",
			);
			name = "[CP] Check Pods Manifest.lock";
			outputFileListPaths = (
			);
			outputPaths = (
				"$(DERIVED_FILE_DIR)/Pods-JuggleTechnologies-checkManifestLockResult.txt",
			);
			runOnlyForDeploymentPostprocessing = 0;
			shellPath = /bin/sh;
			shellScript = "diff \"${PODS_PODFILE_DIR_PATH}/Podfile.lock\" \"${PODS_ROOT}/Manifest.lock\" > /dev/null\nif [ $? != 0 ] ; then\n    # print error to STDERR\n    echo \"error: The sandbox is not in sync with the Podfile.lock. Run 'pod install' or update your CocoaPods installation.\" >&2\n    exit 1\nfi\n# This output is used by Xcode 'outputs' to avoid re-running this script phase.\necho \"SUCCESS\" > \"${SCRIPT_OUTPUT_FILE_0}\"\n";
			showEnvVarsInLog = 0;
		};
		84B676FDD246DBA47FF262B0 /* [CP] Embed Pods Frameworks */ = {
			isa = PBXShellScriptBuildPhase;
			buildActionMask = 2147483647;
			files = (
			);
			inputFileListPaths = (
			);
			inputPaths = (
				"${PODS_ROOT}/Target Support Files/Pods-JuggleTechnologies/Pods-JuggleTechnologies-frameworks.sh",
				"${BUILT_PRODUCTS_DIR}/GTMSessionFetcher/GTMSessionFetcher.framework",
				"${BUILT_PRODUCTS_DIR}/GoogleUtilities/GoogleUtilities.framework",
				"${BUILT_PRODUCTS_DIR}/PromisesObjC/FBLPromises.framework",
				"${BUILT_PRODUCTS_DIR}/leveldb-library/leveldb.framework",
				"${BUILT_PRODUCTS_DIR}/nanopb/nanopb.framework",
			);
			name = "[CP] Embed Pods Frameworks";
			outputFileListPaths = (
			);
			outputPaths = (
				"${TARGET_BUILD_DIR}/${FRAMEWORKS_FOLDER_PATH}/GTMSessionFetcher.framework",
				"${TARGET_BUILD_DIR}/${FRAMEWORKS_FOLDER_PATH}/GoogleUtilities.framework",
				"${TARGET_BUILD_DIR}/${FRAMEWORKS_FOLDER_PATH}/FBLPromises.framework",
				"${TARGET_BUILD_DIR}/${FRAMEWORKS_FOLDER_PATH}/leveldb.framework",
				"${TARGET_BUILD_DIR}/${FRAMEWORKS_FOLDER_PATH}/nanopb.framework",
			);
			runOnlyForDeploymentPostprocessing = 0;
			shellPath = /bin/sh;
			shellScript = "\"${PODS_ROOT}/Target Support Files/Pods-JuggleTechnologies/Pods-JuggleTechnologies-frameworks.sh\"\n";
			showEnvVarsInLog = 0;
		};
/* End PBXShellScriptBuildPhase section */

/* Begin PBXSourcesBuildPhase section */
		4446E0D823D341B1007933AF /* Sources */ = {
			isa = PBXSourcesBuildPhase;
			buildActionMask = 2147483647;
			files = (
				44FB732D23D37460000B8987 /* TermsAndConditionsVC.swift in Sources */,
				445D530223FAFBAC002C1939 /* AcceptTaskVC.swift in Sources */,
				4468CA0E23D751F400B9C8F8 /* UserProfileHeaderCell.swift in Sources */,
				4446E0FB23D3533F007933AF /* NotificationsVC.swift in Sources */,
				44FB732623D36CAA000B8987 /* Constants.swift in Sources */,
				447A9ED023FD3EF00047AEE1 /* OnGoingTaskChatMessageCell.swift in Sources */,
				441FB4B523D8AA6200D8B115 /* UserSelfDescriptionCell.swift in Sources */,
				4446E0FE23D35678007933AF /* TaskCategoryPickerVC.swift in Sources */,
				44BECA8C23F15F8500014A59 /* JugglerApplicationStepsVC.swift in Sources */,
				447C128823EF24DA00947FE8 /* TaskOfferVC.swift in Sources */,
				44BECA8E23F1608700014A59 /* JugglerSignupRequirementsVC.swift in Sources */,
				444AA33123EB4DA100872EB9 /* Message.swift in Sources */,
				4446E0E023D341B1007933AF /* AppDelegate.swift in Sources */,
				44D0CEDC23FA6D35001C9DB5 /* OnGoingTaskInteractionsHeaderCell.swift in Sources */,
				443C4FB323F9D1B20070309E /* OfferCompleteVC.swift in Sources */,
				4446E0E223D341B1007933AF /* SceneDelegate.swift in Sources */,
				4446E10423D3620D007933AF /* ProfileVC.swift in Sources */,
				44972CCD23E9E38900798745 /* AssignedTaskCell.swift in Sources */,
				4438EBA923E71F6D000CF489 /* DashboardHeaderCell.swift in Sources */,
				44972CCB23E9E34900798745 /* OnGoingTaskCell.swift in Sources */,
				442698A523D610870095A495 /* PostCompleteVC.swift in Sources */,
				441FB4B323D8A39800D8B115 /* UserProfileStatisticsCell.swift in Sources */,
				44FB732B23D37427000B8987 /* SignupVC.swift in Sources */,
				4407527323D4AAA00025D8AA /* TaskSpecificationsVC.swift in Sources */,
				4483FCFD23DF320A00178E84 /* ChatMessageCell.swift in Sources */,
				44FB732423D36C13000B8987 /* Extensions.swift in Sources */,
				44294A9123F3503F002F5732 /* JugglerApplicationCompleteVC.swift in Sources */,
				4435835923FC5848006601DA /* OnGoingTaskOfferCell.swift in Sources */,
				443C4FB523F9DD050070309E /* Offer.swift in Sources */,
				4483FCFA23DF2E9C00178E84 /* TaskInteractionDetailsView.swift in Sources */,
				44972CD123E9E8EF00798745 /* SavedTaskCell.swift in Sources */,
				4483FCF823DF28E000178E84 /* TaskInteractionVC.swift in Sources */,
				4468CA1023D759D700B9C8F8 /* CustomImageView.swift in Sources */,
				44203CA623DB290B00F6D71A /* ViewTasksHeaderCell.swift in Sources */,
				44FB732123D36BEC000B8987 /* LoginVC.swift in Sources */,
				44FB732923D36D96000B8987 /* User.swift in Sources */,
				4446E0F823D34FFC007933AF /* ViewTasksVC.swift in Sources */,
				44D0CED923FA6C74001C9DB5 /* OnGoingTaskInteractionsVC.swift in Sources */,
				4446E10123D358E5007933AF /* DashboardVC.swift in Sources */,
				442698A723D610D90095A495 /* Task.swift in Sources */,
				44E53D4723F8333700102397 /* EditTaskVC.swift in Sources */,
				447FA36023E1FF150020247E /* TaskDetailsVC.swift in Sources */,
				442871A623F05317000B1AC4 /* BecomeAJugglerVC.swift in Sources */,
				44203CA423DB278A00F6D71A /* ViewTaskCollectionViewCell.swift in Sources */,
				4446E0F423D3426F007933AF /* MainTabBarController.swift in Sources */,
			);
			runOnlyForDeploymentPostprocessing = 0;
		};
/* End PBXSourcesBuildPhase section */

/* Begin PBXVariantGroup section */
		4446E0EA23D341B2007933AF /* LaunchScreen.storyboard */ = {
			isa = PBXVariantGroup;
			children = (
				4446E0EB23D341B2007933AF /* Base */,
			);
			name = LaunchScreen.storyboard;
			sourceTree = "<group>";
		};
/* End PBXVariantGroup section */

/* Begin XCBuildConfiguration section */
		4446E0EE23D341B2007933AF /* Debug */ = {
			isa = XCBuildConfiguration;
			buildSettings = {
				ALWAYS_SEARCH_USER_PATHS = NO;
				CLANG_ANALYZER_NONNULL = YES;
				CLANG_ANALYZER_NUMBER_OBJECT_CONVERSION = YES_AGGRESSIVE;
				CLANG_CXX_LANGUAGE_STANDARD = "gnu++14";
				CLANG_CXX_LIBRARY = "libc++";
				CLANG_ENABLE_MODULES = YES;
				CLANG_ENABLE_OBJC_ARC = YES;
				CLANG_ENABLE_OBJC_WEAK = YES;
				CLANG_WARN_BLOCK_CAPTURE_AUTORELEASING = YES;
				CLANG_WARN_BOOL_CONVERSION = YES;
				CLANG_WARN_COMMA = YES;
				CLANG_WARN_CONSTANT_CONVERSION = YES;
				CLANG_WARN_DEPRECATED_OBJC_IMPLEMENTATIONS = YES;
				CLANG_WARN_DIRECT_OBJC_ISA_USAGE = YES_ERROR;
				CLANG_WARN_DOCUMENTATION_COMMENTS = YES;
				CLANG_WARN_EMPTY_BODY = YES;
				CLANG_WARN_ENUM_CONVERSION = YES;
				CLANG_WARN_INFINITE_RECURSION = YES;
				CLANG_WARN_INT_CONVERSION = YES;
				CLANG_WARN_NON_LITERAL_NULL_CONVERSION = YES;
				CLANG_WARN_OBJC_IMPLICIT_RETAIN_SELF = YES;
				CLANG_WARN_OBJC_LITERAL_CONVERSION = YES;
				CLANG_WARN_OBJC_ROOT_CLASS = YES_ERROR;
				CLANG_WARN_RANGE_LOOP_ANALYSIS = YES;
				CLANG_WARN_STRICT_PROTOTYPES = YES;
				CLANG_WARN_SUSPICIOUS_MOVE = YES;
				CLANG_WARN_UNGUARDED_AVAILABILITY = YES_AGGRESSIVE;
				CLANG_WARN_UNREACHABLE_CODE = YES;
				CLANG_WARN__DUPLICATE_METHOD_MATCH = YES;
				COPY_PHASE_STRIP = NO;
				DEBUG_INFORMATION_FORMAT = dwarf;
				ENABLE_STRICT_OBJC_MSGSEND = YES;
				ENABLE_TESTABILITY = YES;
				GCC_C_LANGUAGE_STANDARD = gnu11;
				GCC_DYNAMIC_NO_PIC = NO;
				GCC_NO_COMMON_BLOCKS = YES;
				GCC_OPTIMIZATION_LEVEL = 0;
				GCC_PREPROCESSOR_DEFINITIONS = (
					"DEBUG=1",
					"$(inherited)",
				);
				GCC_WARN_64_TO_32_BIT_CONVERSION = YES;
				GCC_WARN_ABOUT_RETURN_TYPE = YES_ERROR;
				GCC_WARN_UNDECLARED_SELECTOR = YES;
				GCC_WARN_UNINITIALIZED_AUTOS = YES_AGGRESSIVE;
				GCC_WARN_UNUSED_FUNCTION = YES;
				GCC_WARN_UNUSED_VARIABLE = YES;
				IPHONEOS_DEPLOYMENT_TARGET = 13.2;
				MTL_ENABLE_DEBUG_INFO = INCLUDE_SOURCE;
				MTL_FAST_MATH = YES;
				ONLY_ACTIVE_ARCH = YES;
				SDKROOT = iphoneos;
				SWIFT_ACTIVE_COMPILATION_CONDITIONS = DEBUG;
				SWIFT_OPTIMIZATION_LEVEL = "-Onone";
			};
			name = Debug;
		};
		4446E0EF23D341B2007933AF /* Release */ = {
			isa = XCBuildConfiguration;
			buildSettings = {
				ALWAYS_SEARCH_USER_PATHS = NO;
				CLANG_ANALYZER_NONNULL = YES;
				CLANG_ANALYZER_NUMBER_OBJECT_CONVERSION = YES_AGGRESSIVE;
				CLANG_CXX_LANGUAGE_STANDARD = "gnu++14";
				CLANG_CXX_LIBRARY = "libc++";
				CLANG_ENABLE_MODULES = YES;
				CLANG_ENABLE_OBJC_ARC = YES;
				CLANG_ENABLE_OBJC_WEAK = YES;
				CLANG_WARN_BLOCK_CAPTURE_AUTORELEASING = YES;
				CLANG_WARN_BOOL_CONVERSION = YES;
				CLANG_WARN_COMMA = YES;
				CLANG_WARN_CONSTANT_CONVERSION = YES;
				CLANG_WARN_DEPRECATED_OBJC_IMPLEMENTATIONS = YES;
				CLANG_WARN_DIRECT_OBJC_ISA_USAGE = YES_ERROR;
				CLANG_WARN_DOCUMENTATION_COMMENTS = YES;
				CLANG_WARN_EMPTY_BODY = YES;
				CLANG_WARN_ENUM_CONVERSION = YES;
				CLANG_WARN_INFINITE_RECURSION = YES;
				CLANG_WARN_INT_CONVERSION = YES;
				CLANG_WARN_NON_LITERAL_NULL_CONVERSION = YES;
				CLANG_WARN_OBJC_IMPLICIT_RETAIN_SELF = YES;
				CLANG_WARN_OBJC_LITERAL_CONVERSION = YES;
				CLANG_WARN_OBJC_ROOT_CLASS = YES_ERROR;
				CLANG_WARN_RANGE_LOOP_ANALYSIS = YES;
				CLANG_WARN_STRICT_PROTOTYPES = YES;
				CLANG_WARN_SUSPICIOUS_MOVE = YES;
				CLANG_WARN_UNGUARDED_AVAILABILITY = YES_AGGRESSIVE;
				CLANG_WARN_UNREACHABLE_CODE = YES;
				CLANG_WARN__DUPLICATE_METHOD_MATCH = YES;
				COPY_PHASE_STRIP = NO;
				DEBUG_INFORMATION_FORMAT = "dwarf-with-dsym";
				ENABLE_NS_ASSERTIONS = NO;
				ENABLE_STRICT_OBJC_MSGSEND = YES;
				GCC_C_LANGUAGE_STANDARD = gnu11;
				GCC_NO_COMMON_BLOCKS = YES;
				GCC_WARN_64_TO_32_BIT_CONVERSION = YES;
				GCC_WARN_ABOUT_RETURN_TYPE = YES_ERROR;
				GCC_WARN_UNDECLARED_SELECTOR = YES;
				GCC_WARN_UNINITIALIZED_AUTOS = YES_AGGRESSIVE;
				GCC_WARN_UNUSED_FUNCTION = YES;
				GCC_WARN_UNUSED_VARIABLE = YES;
				IPHONEOS_DEPLOYMENT_TARGET = 13.2;
				MTL_ENABLE_DEBUG_INFO = NO;
				MTL_FAST_MATH = YES;
				SDKROOT = iphoneos;
				SWIFT_COMPILATION_MODE = wholemodule;
				SWIFT_OPTIMIZATION_LEVEL = "-O";
				VALIDATE_PRODUCT = YES;
			};
			name = Release;
		};
		4446E0F123D341B2007933AF /* Debug */ = {
			isa = XCBuildConfiguration;
			baseConfigurationReference = 58442DE2FB88AD1C75D8ACD4 /* Pods-JuggleTechnologies.debug.xcconfig */;
			buildSettings = {
				ASSETCATALOG_COMPILER_APPICON_NAME = AppIcon;
				CODE_SIGN_STYLE = Automatic;
				DEVELOPMENT_ASSET_PATHS = "\"JuggleTechnologies/Preview Content\"";
				DEVELOPMENT_TEAM = 6ZT386G464;
				ENABLE_PREVIEWS = YES;
				INFOPLIST_FILE = JuggleTechnologies/Info.plist;
				IPHONEOS_DEPLOYMENT_TARGET = 13.0;
				LD_RUNPATH_SEARCH_PATHS = (
					"$(inherited)",
					"@executable_path/Frameworks",
				);
				PRODUCT_BUNDLE_IDENTIFIER = com.JuggleTechnologies;
				PRODUCT_NAME = "$(TARGET_NAME)";
				SWIFT_VERSION = 5.0;
				TARGETED_DEVICE_FAMILY = 1;
			};
			name = Debug;
		};
		4446E0F223D341B2007933AF /* Release */ = {
			isa = XCBuildConfiguration;
			baseConfigurationReference = 2496946D5B215D5F762AE27C /* Pods-JuggleTechnologies.release.xcconfig */;
			buildSettings = {
				ASSETCATALOG_COMPILER_APPICON_NAME = AppIcon;
				CODE_SIGN_STYLE = Automatic;
				DEVELOPMENT_ASSET_PATHS = "\"JuggleTechnologies/Preview Content\"";
				DEVELOPMENT_TEAM = 6ZT386G464;
				ENABLE_PREVIEWS = YES;
				INFOPLIST_FILE = JuggleTechnologies/Info.plist;
				IPHONEOS_DEPLOYMENT_TARGET = 13.0;
				LD_RUNPATH_SEARCH_PATHS = (
					"$(inherited)",
					"@executable_path/Frameworks",
				);
				PRODUCT_BUNDLE_IDENTIFIER = com.JuggleTechnologies;
				PRODUCT_NAME = "$(TARGET_NAME)";
				SWIFT_VERSION = 5.0;
				TARGETED_DEVICE_FAMILY = 1;
			};
			name = Release;
		};
/* End XCBuildConfiguration section */

/* Begin XCConfigurationList section */
		4446E0D723D341B1007933AF /* Build configuration list for PBXProject "JuggleTechnologies" */ = {
			isa = XCConfigurationList;
			buildConfigurations = (
				4446E0EE23D341B2007933AF /* Debug */,
				4446E0EF23D341B2007933AF /* Release */,
			);
			defaultConfigurationIsVisible = 0;
			defaultConfigurationName = Release;
		};
		4446E0F023D341B2007933AF /* Build configuration list for PBXNativeTarget "JuggleTechnologies" */ = {
			isa = XCConfigurationList;
			buildConfigurations = (
				4446E0F123D341B2007933AF /* Debug */,
				4446E0F223D341B2007933AF /* Release */,
			);
			defaultConfigurationIsVisible = 0;
			defaultConfigurationName = Release;
		};
/* End XCConfigurationList section */
	};
	rootObject = 4446E0D423D341B1007933AF /* Project object */;
}
